
Microsoft Visual Studio Solution File, Format Version 12.00
# Visual Studio 15
VisualStudioVersion = 15.0.28010.2026
MinimumVisualStudioVersion = 10.0.40219.1
Project("{FAE04EC0-301F-11D3-BF4B-00C04F79EFBC}") = "ShauliBlog", "ShauliBlog\ShauliBlog.csproj", "{F17D8ADD-027C-4067-8279-10795B8AD0BB}"
EndProject
Global
	GlobalSection(SolutionConfigurationPlatforms) = preSolution
		Debug|Any CPU = Debug|Any CPU
		Release|Any CPU = Release|Any CPU
	EndGlobalSection
	GlobalSection(ProjectConfigurationPlatforms) = postSolution
		{F17D8ADD-027C-4067-8279-10795B8AD0BB}.Debug|Any CPU.ActiveCfg = Debug|Any CPU
		{F17D8ADD-027C-4067-8279-10795B8AD0BB}.Debug|Any CPU.Build.0 = Debug|Any CPU
		{F17D8ADD-027C-4067-8279-10795B8AD0BB}.Release|Any CPU.ActiveCfg = Release|Any CPU
		{F17D8ADD-027C-4067-8279-10795B8AD0BB}.Release|Any CPU.Build.0 = Release|Any CPU
	EndGlobalSection
	GlobalSection(SolutionProperties) = preSolution
		HideSolutionNode = FALSE
	EndGlobalSection
	GlobalSection(ExtensibilityGlobals) = postSolution
		SolutionGuid = {C6251223-DA48-4800-87E7-25655E0C944D}
	EndGlobalSection
EndGlobal
